<?xml version="1.0"?>
<Project ToolsVersion="4.0" xmlns="http://schemas.microsoft.com/developer/msbuild/2003">
	<ItemGroup>
		<ClCompile Include="src\ofApp.cpp">
			<Filter>src</Filter>
		</ClCompile>
		<ClCompile Include="src\main.cpp">
			<Filter>src</Filter>
		</ClCompile>
		<ClCompile Include="src\DbQuestions.cpp">
			<Filter>src</Filter>
		</ClCompile>
		<ClCompile Include="src\main.cpp">
			<Filter>src</Filter>
		</ClCompile>
		<ClCompile Include="src\myFrontEndApp.cpp">
			<Filter>src</Filter>
		</ClCompile>
		<ClCompile Include="src\ofApp.cpp">
			<Filter>src</Filter>
		</ClCompile>
		<ClCompile Include="src\QuestionRestFul.cpp">
			<Filter>src</Filter>
		</ClCompile>
		<ClCompile Include="src\webServicesManager.cpp">
			<Filter>src</Filter>
		</ClCompile>
		<ClCompile Include="..\..\..\addons\ofxHTTP\libs\ofxHTTP\src\AuthScope.cpp">
			<Filter>addons\ofxHTTP\libs\ofxHTTP\src</Filter>
		</ClCompile>
		<ClCompile Include="..\..\..\addons\ofxHTTP\libs\ofxHTTP\src\BaseClient.cpp">
			<Filter>addons\ofxHTTP\libs\ofxHTTP\src</Filter>
		</ClCompile>
		<ClCompile Include="..\..\..\addons\ofxHTTP\libs\ofxHTTP\src\BaseRequest.cpp">
			<Filter>addons\ofxHTTP\libs\ofxHTTP\src</Filter>
		</ClCompile>
		<ClCompile Include="..\..\..\addons\ofxHTTP\libs\ofxHTTP\src\BaseResponse.cpp">
			<Filter>addons\ofxHTTP\libs\ofxHTTP\src</Filter>
		</ClCompile>
		<ClCompile Include="..\..\..\addons\ofxHTTP\libs\ofxHTTP\src\BaseRoute.cpp">
			<Filter>addons\ofxHTTP\libs\ofxHTTP\src</Filter>
		</ClCompile>
		<ClCompile Include="..\..\..\addons\ofxHTTP\libs\ofxHTTP\src\BaseServer.cpp">
			<Filter>addons\ofxHTTP\libs\ofxHTTP\src</Filter>
		</ClCompile>
		<ClCompile Include="..\..\..\addons\ofxHTTP\libs\ofxHTTP\src\ClientEvents.cpp">
			<Filter>addons\ofxHTTP\libs\ofxHTTP\src</Filter>
		</ClCompile>
		<ClCompile Include="..\..\..\addons\ofxHTTP\libs\ofxHTTP\src\ClientProgressStream.cpp">
			<Filter>addons\ofxHTTP\libs\ofxHTTP\src</Filter>
		</ClCompile>
		<ClCompile Include="..\..\..\addons\ofxHTTP\libs\ofxHTTP\src\ClientSessionSettings.cpp">
			<Filter>addons\ofxHTTP\libs\ofxHTTP\src</Filter>
		</ClCompile>
		<ClCompile Include="..\..\..\addons\ofxHTTP\libs\ofxHTTP\src\Context.cpp">
			<Filter>addons\ofxHTTP\libs\ofxHTTP\src</Filter>
		</ClCompile>
		<ClCompile Include="..\..\..\addons\ofxHTTP\libs\ofxHTTP\src\Cookie.cpp">
			<Filter>addons\ofxHTTP\libs\ofxHTTP\src</Filter>
		</ClCompile>
		<ClCompile Include="..\..\..\addons\ofxHTTP\libs\ofxHTTP\src\CookieStore.cpp">
			<Filter>addons\ofxHTTP\libs\ofxHTTP\src</Filter>
		</ClCompile>
		<ClCompile Include="..\..\..\addons\ofxHTTP\libs\ofxHTTP\src\CookieUtils.cpp">
			<Filter>addons\ofxHTTP\libs\ofxHTTP\src</Filter>
		</ClCompile>
		<ClCompile Include="..\..\..\addons\ofxHTTP\libs\ofxHTTP\src\Credentials.cpp">
			<Filter>addons\ofxHTTP\libs\ofxHTTP\src</Filter>
		</ClCompile>
		<ClCompile Include="..\..\..\addons\ofxHTTP\libs\ofxHTTP\src\CredentialStore.cpp">
			<Filter>addons\ofxHTTP\libs\ofxHTTP\src</Filter>
		</ClCompile>
		<ClCompile Include="..\..\..\addons\ofxHTTP\libs\ofxHTTP\src\DefaultClient.cpp">
			<Filter>addons\ofxHTTP\libs\ofxHTTP\src</Filter>
		</ClCompile>
		<ClCompile Include="..\..\..\addons\ofxHTTP\libs\ofxHTTP\src\DefaultClientHeaders.cpp">
			<Filter>addons\ofxHTTP\libs\ofxHTTP\src</Filter>
		</ClCompile>
		<ClCompile Include="..\..\..\addons\ofxHTTP\libs\ofxHTTP\src\DefaultClientSessionProvider.cpp">
			<Filter>addons\ofxHTTP\libs\ofxHTTP\src</Filter>
		</ClCompile>
		<ClCompile Include="..\..\..\addons\ofxHTTP\libs\ofxHTTP\src\DefaultClientTask.cpp">
			<Filter>addons\ofxHTTP\libs\ofxHTTP\src</Filter>
		</ClCompile>
		<ClCompile Include="..\..\..\addons\ofxHTTP\libs\ofxHTTP\src\DefaultClientTaskQueue.cpp">
			<Filter>addons\ofxHTTP\libs\ofxHTTP\src</Filter>
		</ClCompile>
		<ClCompile Include="..\..\..\addons\ofxHTTP\libs\ofxHTTP\src\DefaultCookieProcessor.cpp">
			<Filter>addons\ofxHTTP\libs\ofxHTTP\src</Filter>
		</ClCompile>
		<ClCompile Include="..\..\..\addons\ofxHTTP\libs\ofxHTTP\src\DefaultProxyProcessor.cpp">
			<Filter>addons\ofxHTTP\libs\ofxHTTP\src</Filter>
		</ClCompile>
		<ClCompile Include="..\..\..\addons\ofxHTTP\libs\ofxHTTP\src\DefaultRedirectProcessor.cpp">
			<Filter>addons\ofxHTTP\libs\ofxHTTP\src</Filter>
		</ClCompile>
		<ClCompile Include="..\..\..\addons\ofxHTTP\libs\ofxHTTP\src\DefaultResponseStreamFilter.cpp">
			<Filter>addons\ofxHTTP\libs\ofxHTTP\src</Filter>
		</ClCompile>
		<ClCompile Include="..\..\..\addons\ofxHTTP\libs\ofxHTTP\src\FileSystemRoute.cpp">
			<Filter>addons\ofxHTTP\libs\ofxHTTP\src</Filter>
		</ClCompile>
		<ClCompile Include="..\..\..\addons\ofxHTTP\libs\ofxHTTP\src\GetRequest.cpp">
			<Filter>addons\ofxHTTP\libs\ofxHTTP\src</Filter>
		</ClCompile>
		<ClCompile Include="..\..\..\addons\ofxHTTP\libs\ofxHTTP\src\HTTPUtils.cpp">
			<Filter>addons\ofxHTTP\libs\ofxHTTP\src</Filter>
		</ClCompile>
		<ClCompile Include="..\..\..\addons\ofxHTTP\libs\ofxHTTP\src\IPVideoFrame.cpp">
			<Filter>addons\ofxHTTP\libs\ofxHTTP\src</Filter>
		</ClCompile>
		<ClCompile Include="..\..\..\addons\ofxHTTP\libs\ofxHTTP\src\IPVideoRoute.cpp">
			<Filter>addons\ofxHTTP\libs\ofxHTTP\src</Filter>
		</ClCompile>
		<ClCompile Include="..\..\..\addons\ofxHTTP\libs\ofxHTTP\src\OAuth10Credentials.cpp">
			<Filter>addons\ofxHTTP\libs\ofxHTTP\src</Filter>
		</ClCompile>
		<ClCompile Include="..\..\..\addons\ofxHTTP\libs\ofxHTTP\src\OAuth10RequestFilter.cpp">
			<Filter>addons\ofxHTTP\libs\ofxHTTP\src</Filter>
		</ClCompile>
		<ClCompile Include="..\..\..\addons\ofxHTTP\libs\ofxHTTP\src\OAuth20Credentials.cpp">
			<Filter>addons\ofxHTTP\libs\ofxHTTP\src</Filter>
		</ClCompile>
		<ClCompile Include="..\..\..\addons\ofxHTTP\libs\ofxHTTP\src\PostRequest.cpp">
			<Filter>addons\ofxHTTP\libs\ofxHTTP\src</Filter>
		</ClCompile>
		<ClCompile Include="..\..\..\addons\ofxHTTP\libs\ofxHTTP\src\PostRoute.cpp">
			<Filter>addons\ofxHTTP\libs\ofxHTTP\src</Filter>
		</ClCompile>
		<ClCompile Include="..\..\..\addons\ofxHTTP\libs\ofxHTTP\src\ProgressMonitor.cpp">
			<Filter>addons\ofxHTTP\libs\ofxHTTP\src</Filter>
		</ClCompile>
		<ClCompile Include="..\..\..\addons\ofxHTTP\libs\ofxHTTP\src\ProxySettings.cpp">
			<Filter>addons\ofxHTTP\libs\ofxHTTP\src</Filter>
		</ClCompile>
		<ClCompile Include="..\..\..\addons\ofxHTTP\libs\ofxHTTP\src\PutRequest.cpp">
			<Filter>addons\ofxHTTP\libs\ofxHTTP\src</Filter>
		</ClCompile>
		<ClCompile Include="..\..\..\addons\ofxHTTP\libs\ofxHTTP\src\RequestHandlerAdapter.cpp">
			<Filter>addons\ofxHTTP\libs\ofxHTTP\src</Filter>
		</ClCompile>
		<ClCompile Include="..\..\..\addons\ofxHTTP\libs\ofxHTTP\src\Session.cpp">
			<Filter>addons\ofxHTTP\libs\ofxHTTP\src</Filter>
		</ClCompile>
		<ClCompile Include="..\..\..\addons\ofxHTTP\libs\ofxHTTP\src\SessionStore.cpp">
			<Filter>addons\ofxHTTP\libs\ofxHTTP\src</Filter>
		</ClCompile>
		<ClCompile Include="..\..\..\addons\ofxHTTP\libs\ofxHTTP\src\SimpleFileServer.cpp">
			<Filter>addons\ofxHTTP\libs\ofxHTTP\src</Filter>
		</ClCompile>
		<ClCompile Include="..\..\..\addons\ofxHTTP\libs\ofxHTTP\src\SimpleIPVideoServer.cpp">
			<Filter>addons\ofxHTTP\libs\ofxHTTP\src</Filter>
		</ClCompile>
		<ClCompile Include="..\..\..\addons\ofxHTTP\libs\ofxHTTP\src\SimplePostServer.cpp">
			<Filter>addons\ofxHTTP\libs\ofxHTTP\src</Filter>
		</ClCompile>
		<ClCompile Include="..\..\..\addons\ofxHTTP\libs\ofxHTTP\src\SimpleWebSocketServer.cpp">
			<Filter>addons\ofxHTTP\libs\ofxHTTP\src</Filter>
		</ClCompile>
		<ClCompile Include="..\..\..\addons\ofxHTTP\libs\ofxHTTP\src\ThreadSettings.cpp">
			<Filter>addons\ofxHTTP\libs\ofxHTTP\src</Filter>
		</ClCompile>
		<ClCompile Include="..\..\..\addons\ofxHTTP\libs\ofxHTTP\src\URIBuilder.cpp">
			<Filter>addons\ofxHTTP\libs\ofxHTTP\src</Filter>
		</ClCompile>
		<ClCompile Include="..\..\..\addons\ofxHTTP\libs\ofxHTTP\src\WebSocketConnection.cpp">
			<Filter>addons\ofxHTTP\libs\ofxHTTP\src</Filter>
		</ClCompile>
		<ClCompile Include="..\..\..\addons\ofxHTTP\libs\ofxHTTP\src\WebSocketExtensions.cpp">
			<Filter>addons\ofxHTTP\libs\ofxHTTP\src</Filter>
		</ClCompile>
		<ClCompile Include="..\..\..\addons\ofxHTTP\libs\ofxHTTP\src\WebSocketFrame.cpp">
			<Filter>addons\ofxHTTP\libs\ofxHTTP\src</Filter>
		</ClCompile>
		<ClCompile Include="..\..\..\addons\ofxHTTP\libs\ofxHTTP\src\WebSocketRoute.cpp">
			<Filter>addons\ofxHTTP\libs\ofxHTTP\src</Filter>
		</ClCompile>
		<ClCompile Include="..\..\..\addons\ofxIO\libs\lz4\src\lz4.c">
			<Filter>addons\ofxIO\libs\lz4\src</Filter>
		</ClCompile>
		<ClCompile Include="..\..\..\addons\ofxIO\libs\ofxIO\src\Base64Encoding.cpp">
			<Filter>addons\ofxIO\libs\ofxIO\src</Filter>
		</ClCompile>
		<ClCompile Include="..\..\..\addons\ofxIO\libs\ofxIO\src\ByteBuffer.cpp">
			<Filter>addons\ofxIO\libs\ofxIO\src</Filter>
		</ClCompile>
		<ClCompile Include="..\..\..\addons\ofxIO\libs\ofxIO\src\ByteBufferReader.cpp">
			<Filter>addons\ofxIO\libs\ofxIO\src</Filter>
		</ClCompile>
		<ClCompile Include="..\..\..\addons\ofxIO\libs\ofxIO\src\ByteBufferStream.cpp">
			<Filter>addons\ofxIO\libs\ofxIO\src</Filter>
		</ClCompile>
		<ClCompile Include="..\..\..\addons\ofxIO\libs\ofxIO\src\ByteBufferUtils.cpp">
			<Filter>addons\ofxIO\libs\ofxIO\src</Filter>
		</ClCompile>
		<ClCompile Include="..\..\..\addons\ofxIO\libs\ofxIO\src\ByteBufferWriter.cpp">
			<Filter>addons\ofxIO\libs\ofxIO\src</Filter>
		</ClCompile>
		<ClCompile Include="..\..\..\addons\ofxIO\libs\ofxIO\src\COBSEncoding.cpp">
			<Filter>addons\ofxIO\libs\ofxIO\src</Filter>
		</ClCompile>
		<ClCompile Include="..\..\..\addons\ofxIO\libs\ofxIO\src\Compression.cpp">
			<Filter>addons\ofxIO\libs\ofxIO\src</Filter>
		</ClCompile>
		<ClCompile Include="..\..\..\addons\ofxIO\libs\ofxIO\src\DeviceFilter.cpp">
			<Filter>addons\ofxIO\libs\ofxIO\src</Filter>
		</ClCompile>
		<ClCompile Include="..\..\..\addons\ofxIO\libs\ofxIO\src\DirectoryFilter.cpp">
			<Filter>addons\ofxIO\libs\ofxIO\src</Filter>
		</ClCompile>
		<ClCompile Include="..\..\..\addons\ofxIO\libs\ofxIO\src\DirectoryUtils.cpp">
			<Filter>addons\ofxIO\libs\ofxIO\src</Filter>
		</ClCompile>
		<ClCompile Include="..\..\..\addons\ofxIO\libs\ofxIO\src\DirectoryWatcher.cpp">
			<Filter>addons\ofxIO\libs\ofxIO\src</Filter>
		</ClCompile>
		<ClCompile Include="..\..\..\addons\ofxIO\libs\ofxIO\src\DirectoryWatcherManager.cpp">
			<Filter>addons\ofxIO\libs\ofxIO\src</Filter>
		</ClCompile>
		<ClCompile Include="..\..\..\addons\ofxIO\libs\ofxIO\src\FileExtensionFilter.cpp">
			<Filter>addons\ofxIO\libs\ofxIO\src</Filter>
		</ClCompile>
		<ClCompile Include="..\..\..\addons\ofxIO\libs\ofxIO\src\HexBinaryEncoding.cpp">
			<Filter>addons\ofxIO\libs\ofxIO\src</Filter>
		</ClCompile>
		<ClCompile Include="..\..\..\addons\ofxIO\libs\ofxIO\src\HiddenFileFilter.cpp">
			<Filter>addons\ofxIO\libs\ofxIO\src</Filter>
		</ClCompile>
		<ClCompile Include="..\..\..\addons\ofxIO\libs\ofxIO\src\LinkFilter.cpp">
			<Filter>addons\ofxIO\libs\ofxIO\src</Filter>
		</ClCompile>
		<ClCompile Include="..\..\..\addons\ofxIO\libs\ofxIO\src\PathFilterCollection.cpp">
			<Filter>addons\ofxIO\libs\ofxIO\src</Filter>
		</ClCompile>
		<ClCompile Include="..\..\..\addons\ofxIO\libs\ofxIO\src\RecursiveDirectoryIterator.cpp">
			<Filter>addons\ofxIO\libs\ofxIO\src</Filter>
		</ClCompile>
		<ClCompile Include="..\..\..\addons\ofxIO\libs\ofxIO\src\RecursiveDirectoryIteratorStategies.cpp">
			<Filter>addons\ofxIO\libs\ofxIO\src</Filter>
		</ClCompile>
		<ClCompile Include="..\..\..\addons\ofxIO\libs\ofxIO\src\RegexPathFilter.cpp">
			<Filter>addons\ofxIO\libs\ofxIO\src</Filter>
		</ClCompile>
		<ClCompile Include="..\..\..\addons\ofxIO\libs\ofxIO\src\SearchPath.cpp">
			<Filter>addons\ofxIO\libs\ofxIO\src</Filter>
		</ClCompile>
		<ClCompile Include="..\..\..\addons\ofxIO\libs\ofxIO\src\SLIPEncoding.cpp">
			<Filter>addons\ofxIO\libs\ofxIO\src</Filter>
		</ClCompile>
		<ClCompile Include="..\..\..\addons\ofxIO\libs\ofxIO\src\URIEncoding.cpp">
			<Filter>addons\ofxIO\libs\ofxIO\src</Filter>
		</ClCompile>
		<ClCompile Include="..\..\..\addons\ofxIO\libs\snappy\src\snappy-sinksource.cc">
			<Filter>addons\ofxIO\libs\snappy\src</Filter>
		</ClCompile>
		<ClCompile Include="..\..\..\addons\ofxIO\libs\snappy\src\snappy-stubs-internal.cc">
			<Filter>addons\ofxIO\libs\snappy\src</Filter>
		</ClCompile>
		<ClCompile Include="..\..\..\addons\ofxIO\libs\snappy\src\snappy.cc">
			<Filter>addons\ofxIO\libs\snappy\src</Filter>
		</ClCompile>
		<ClCompile Include="..\..\..\addons\ofxJSON\src\ofxJSONElement.cpp">
			<Filter>addons\ofxJSON\src</Filter>
		</ClCompile>
		<ClCompile Include="..\..\..\addons\ofxJSON\libs\jsoncpp\src\jsoncpp.cpp">
			<Filter>addons\ofxJSON\libs\jsoncpp\src</Filter>
		</ClCompile>
		<ClCompile Include="..\..\..\addons\ofxJSONRPC\libs\ofxHTTP\src\JSONRPCServer.cpp">
			<Filter>addons\ofxJSONRPC\libs\ofxHTTP\src</Filter>
		</ClCompile>
		<ClCompile Include="..\..\..\addons\ofxJSONRPC\libs\ofxJSONRPC\src\BaseMessage.cpp">
			<Filter>addons\ofxJSONRPC\libs\ofxJSONRPC\src</Filter>
		</ClCompile>
		<ClCompile Include="..\..\..\addons\ofxJSONRPC\libs\ofxJSONRPC\src\Error.cpp">
			<Filter>addons\ofxJSONRPC\libs\ofxJSONRPC\src</Filter>
		</ClCompile>
		<ClCompile Include="..\..\..\addons\ofxJSONRPC\libs\ofxJSONRPC\src\Errors.cpp">
			<Filter>addons\ofxJSONRPC\libs\ofxJSONRPC\src</Filter>
		</ClCompile>
		<ClCompile Include="..\..\..\addons\ofxJSONRPC\libs\ofxJSONRPC\src\JSONRPCUtils.cpp">
			<Filter>addons\ofxJSONRPC\libs\ofxJSONRPC\src</Filter>
		</ClCompile>
		<ClCompile Include="..\..\..\addons\ofxJSONRPC\libs\ofxJSONRPC\src\MethodArgs.cpp">
			<Filter>addons\ofxJSONRPC\libs\ofxJSONRPC\src</Filter>
		</ClCompile>
		<ClCompile Include="..\..\..\addons\ofxJSONRPC\libs\ofxJSONRPC\src\MethodRegistry.cpp">
			<Filter>addons\ofxJSONRPC\libs\ofxJSONRPC\src</Filter>
		</ClCompile>
		<ClCompile Include="..\..\..\addons\ofxJSONRPC\libs\ofxJSONRPC\src\Request.cpp">
			<Filter>addons\ofxJSONRPC\libs\ofxJSONRPC\src</Filter>
		</ClCompile>
		<ClCompile Include="..\..\..\addons\ofxJSONRPC\libs\ofxJSONRPC\src\Response.cpp">
			<Filter>addons\ofxJSONRPC\libs\ofxJSONRPC\src</Filter>
		</ClCompile>
		<ClCompile Include="..\..\..\addons\ofxMediaType\libs\ofxMediaType\src\MediaTypeMap.cpp">
			<Filter>addons\ofxMediaType\libs\ofxMediaType\src</Filter>
		</ClCompile>
		<ClCompile Include="..\..\..\addons\ofxNetworkUtils\libs\ofxNetworkUtils\src\IPAddressRange.cpp">
			<Filter>addons\ofxNetworkUtils\libs\ofxNetworkUtils\src</Filter>
		</ClCompile>
		<ClCompile Include="..\..\..\addons\ofxNetworkUtils\libs\ofxNetworkUtils\src\NetworkInterfaceListener.cpp">
			<Filter>addons\ofxNetworkUtils\libs\ofxNetworkUtils\src</Filter>
		</ClCompile>
		<ClCompile Include="..\..\..\addons\ofxNetworkUtils\libs\ofxNetworkUtils\src\NetworkUtils.cpp">
			<Filter>addons\ofxNetworkUtils\libs\ofxNetworkUtils\src</Filter>
		</ClCompile>
		<ClCompile Include="..\..\..\addons\ofxSQLiteCpp\src\SQLiteCppUtils.cpp">
			<Filter>addons\ofxSQLiteCpp\src</Filter>
		</ClCompile>
		<ClCompile Include="..\..\..\addons\ofxSQLiteCpp\libs\SQLiteCpp\sqlite3\sqlite3.c">
			<Filter>addons\ofxSQLiteCpp\libs\SQLiteCpp\sqlite3</Filter>
		</ClCompile>
		<ClCompile Include="..\..\..\addons\ofxSQLiteCpp\libs\SQLiteCpp\src\Backup.cpp">
			<Filter>addons\ofxSQLiteCpp\libs\SQLiteCpp\src</Filter>
		</ClCompile>
		<ClCompile Include="..\..\..\addons\ofxSQLiteCpp\libs\SQLiteCpp\src\Column.cpp">
			<Filter>addons\ofxSQLiteCpp\libs\SQLiteCpp\src</Filter>
		</ClCompile>
		<ClCompile Include="..\..\..\addons\ofxSQLiteCpp\libs\SQLiteCpp\src\Database.cpp">
			<Filter>addons\ofxSQLiteCpp\libs\SQLiteCpp\src</Filter>
		</ClCompile>
		<ClCompile Include="..\..\..\addons\ofxSQLiteCpp\libs\SQLiteCpp\src\Statement.cpp">
			<Filter>addons\ofxSQLiteCpp\libs\SQLiteCpp\src</Filter>
		</ClCompile>
		<ClCompile Include="..\..\..\addons\ofxSQLiteCpp\libs\SQLiteCpp\src\Transaction.cpp">
			<Filter>addons\ofxSQLiteCpp\libs\SQLiteCpp\src</Filter>
		</ClCompile>
		<ClCompile Include="..\..\..\addons\ofxSSLManager\src\ofSSLManager.cpp">
			<Filter>addons\ofxSSLManager\src</Filter>
		</ClCompile>
	</ItemGroup>
	<ItemGroup>
		<Filter Include="src">
			<UniqueIdentifier>{d8376475-7454-4a24-b08a-aac121d3ad6f}</UniqueIdentifier>
		</Filter>
		<Filter Include="addons">
			<UniqueIdentifier>{71834F65-F3A9-211E-73B8-DC85}</UniqueIdentifier>
		</Filter>
		<Filter Include="addons\ofxEasing">
			<UniqueIdentifier>{CAD580FB-01DB-F456-F00B-7791}</UniqueIdentifier>
		</Filter>
		<Filter Include="addons\ofxEasing\src">
			<UniqueIdentifier>{59A6BD40-DCB3-8A98-B41B-1BA9}</UniqueIdentifier>
		</Filter>
		<Filter Include="addons\ofxHTTP">
			<UniqueIdentifier>{C6854158-E9F7-B1F4-35F2-82BB}</UniqueIdentifier>
		</Filter>
		<Filter Include="addons\ofxHTTP\src">
			<UniqueIdentifier>{BD64EB20-70BF-2319-4F05-E888}</UniqueIdentifier>
		</Filter>
		<Filter Include="addons\ofxHTTP\libs">
			<UniqueIdentifier>{9EE903BE-6739-7640-0095-7D53}</UniqueIdentifier>
		</Filter>
		<Filter Include="addons\ofxHTTP\libs\ofxHTTP">
			<UniqueIdentifier>{7C9A0679-BF09-6EE1-BCD0-5301}</UniqueIdentifier>
		</Filter>
		<Filter Include="addons\ofxHTTP\libs\ofxHTTP\include">
			<UniqueIdentifier>{C816CF28-5B27-3D5F-FF30-E7AB}</UniqueIdentifier>
		</Filter>
		<Filter Include="addons\ofxHTTP\libs\ofxHTTP\include\ofx">
			<UniqueIdentifier>{C755059D-B172-2B35-2796-8B1C}</UniqueIdentifier>
		</Filter>
		<Filter Include="addons\ofxHTTP\libs\ofxHTTP\include\ofx\HTTP">
			<UniqueIdentifier>{BE22DE3A-FDEE-6969-DEE4-5A0B}</UniqueIdentifier>
		</Filter>
		<Filter Include="addons\ofxHTTP\libs\ofxHTTP\src">
			<UniqueIdentifier>{A871350A-2EE8-D0A8-A450-8C07}</UniqueIdentifier>
		</Filter>
		<Filter Include="addons\ofxIO">
			<UniqueIdentifier>{48B8D9CB-CC4C-1B00-6588-D3A1}</UniqueIdentifier>
		</Filter>
		<Filter Include="addons\ofxIO\src">
			<UniqueIdentifier>{6813DA12-42A1-A4EE-BCA3-07D7}</UniqueIdentifier>
		</Filter>
		<Filter Include="addons\ofxIO\libs">
			<UniqueIdentifier>{57E40924-CBBB-EBB8-B83E-54E8}</UniqueIdentifier>
		</Filter>
		<Filter Include="addons\ofxIO\libs\alphanum">
			<UniqueIdentifier>{CDF09F22-4242-5549-389C-157E}</UniqueIdentifier>
		</Filter>
		<Filter Include="addons\ofxIO\libs\alphanum\include">
			<UniqueIdentifier>{84333A72-79E1-2EAF-EA52-633A}</UniqueIdentifier>
		</Filter>
		<Filter Include="addons\ofxIO\libs\cpp-lru-cache">
			<UniqueIdentifier>{7F57A36F-7A88-907D-4691-2515}</UniqueIdentifier>
		</Filter>
		<Filter Include="addons\ofxIO\libs\cpp-lru-cache\include">
			<UniqueIdentifier>{8F35CB32-CFB0-4D5A-5941-6D25}</UniqueIdentifier>
		</Filter>
		<Filter Include="addons\ofxIO\libs\json">
			<UniqueIdentifier>{A1AF8258-971D-59DC-8FC0-EFB8}</UniqueIdentifier>
		</Filter>
		<Filter Include="addons\ofxIO\libs\json\include">
			<UniqueIdentifier>{C725EA8F-8906-E3FE-4D45-48A4}</UniqueIdentifier>
		</Filter>
		<Filter Include="addons\ofxIO\libs\lz4">
			<UniqueIdentifier>{CD8E5EE9-E861-19A2-C99E-A1D8}</UniqueIdentifier>
		</Filter>
		<Filter Include="addons\ofxIO\libs\lz4\src">
			<UniqueIdentifier>{4699AB23-ACC4-DA3D-D325-19E8}</UniqueIdentifier>
		</Filter>
		<Filter Include="addons\ofxIO\libs\ofxIO">
			<UniqueIdentifier>{88E3B8FF-C114-67AE-0946-7844}</UniqueIdentifier>
		</Filter>
		<Filter Include="addons\ofxIO\libs\ofxIO\include">
			<UniqueIdentifier>{9EC4E0DB-2AF5-99A4-6089-A4A3}</UniqueIdentifier>
		</Filter>
		<Filter Include="addons\ofxIO\libs\ofxIO\include\ofx">
			<UniqueIdentifier>{6AE3C651-7161-D412-8F80-E439}</UniqueIdentifier>
		</Filter>
		<Filter Include="addons\ofxIO\libs\ofxIO\include\ofx\IO">
			<UniqueIdentifier>{53B75BEF-81B2-6EEE-3C27-E6FF}</UniqueIdentifier>
		</Filter>
		<Filter Include="addons\ofxIO\libs\ofxIO\src">
			<UniqueIdentifier>{7BBBDCCA-0FD0-364F-0E8A-66DF}</UniqueIdentifier>
		</Filter>
		<Filter Include="addons\ofxIO\libs\snappy">
			<UniqueIdentifier>{7188EC88-B3EF-DCF2-52BA-A67D}</UniqueIdentifier>
		</Filter>
		<Filter Include="addons\ofxIO\libs\snappy\src">
			<UniqueIdentifier>{A132540E-8F45-87AF-7038-AE3D}</UniqueIdentifier>
		</Filter>
		<Filter Include="addons\ofxJSON">
			<UniqueIdentifier>{CF86E01B-D8D7-A112-88F3-5883}</UniqueIdentifier>
		</Filter>
		<Filter Include="addons\ofxJSON\src">
			<UniqueIdentifier>{CE83AFE9-FE4A-682E-D5C9-50B4}</UniqueIdentifier>
		</Filter>
		<Filter Include="addons\ofxJSON\libs">
			<UniqueIdentifier>{5302B3F8-ECDD-0465-334A-F39E}</UniqueIdentifier>
		</Filter>
		<Filter Include="addons\ofxJSON\libs\jsoncpp">
			<UniqueIdentifier>{87D6C548-39D9-FD9F-093E-9F4E}</UniqueIdentifier>
		</Filter>
		<Filter Include="addons\ofxJSON\libs\jsoncpp\include">
			<UniqueIdentifier>{0B6CA981-484E-6E8C-776C-7298}</UniqueIdentifier>
		</Filter>
		<Filter Include="addons\ofxJSON\libs\jsoncpp\include\json">
			<UniqueIdentifier>{5FF260B2-1497-3EFE-19D5-40DB}</UniqueIdentifier>
		</Filter>
		<Filter Include="addons\ofxJSON\libs\jsoncpp\src">
			<UniqueIdentifier>{6D569A5B-6719-AEFD-C08E-5CE5}</UniqueIdentifier>
		</Filter>
		<Filter Include="addons\ofxJSONRPC">
			<UniqueIdentifier>{6FB6BBCD-26AE-2E74-E0E0-9049}</UniqueIdentifier>
		</Filter>
		<Filter Include="addons\ofxJSONRPC\src">
			<UniqueIdentifier>{BF660F2B-FA04-C2A0-F119-7618}</UniqueIdentifier>
		</Filter>
		<Filter Include="addons\ofxJSONRPC\libs">
			<UniqueIdentifier>{EB45A935-2118-046B-0FB7-7B4B}</UniqueIdentifier>
		</Filter>
		<Filter Include="addons\ofxJSONRPC\libs\ofxHTTP">
			<UniqueIdentifier>{3D4A55B8-7F09-D06D-CE53-95B2}</UniqueIdentifier>
		</Filter>
		<Filter Include="addons\ofxJSONRPC\libs\ofxHTTP\include">
			<UniqueIdentifier>{50FF9145-A14B-4006-E3E1-616A}</UniqueIdentifier>
		</Filter>
		<Filter Include="addons\ofxJSONRPC\libs\ofxHTTP\include\ofx">
			<UniqueIdentifier>{6FB6AB69-2D2A-2FAA-A9B1-DA9E}</UniqueIdentifier>
		</Filter>
		<Filter Include="addons\ofxJSONRPC\libs\ofxHTTP\include\ofx\HTTP">
			<UniqueIdentifier>{DE561776-5644-6012-D04B-C727}</UniqueIdentifier>
		</Filter>
		<Filter Include="addons\ofxJSONRPC\libs\ofxHTTP\src">
			<UniqueIdentifier>{1292F724-14B2-1D0B-3D40-FA8E}</UniqueIdentifier>
		</Filter>
		<Filter Include="addons\ofxJSONRPC\libs\ofxJSONRPC">
			<UniqueIdentifier>{F2A3AC5E-5EBB-867A-59DC-AE03}</UniqueIdentifier>
		</Filter>
		<Filter Include="addons\ofxJSONRPC\libs\ofxJSONRPC\include">
			<UniqueIdentifier>{6BC72FF7-128B-FF57-694B-5902}</UniqueIdentifier>
		</Filter>
		<Filter Include="addons\ofxJSONRPC\libs\ofxJSONRPC\include\ofx">
			<UniqueIdentifier>{2097DB23-CDBA-08EF-56F4-F451}</UniqueIdentifier>
		</Filter>
		<Filter Include="addons\ofxJSONRPC\libs\ofxJSONRPC\include\ofx\JSONRPC">
			<UniqueIdentifier>{0DE0C95D-A750-1E21-1AB2-2662}</UniqueIdentifier>
		</Filter>
		<Filter Include="addons\ofxJSONRPC\libs\ofxJSONRPC\src">
			<UniqueIdentifier>{28252E59-91FB-13C4-917F-E16E}</UniqueIdentifier>
		</Filter>
		<Filter Include="addons\ofxMediaType">
			<UniqueIdentifier>{157B6593-173F-9B7C-5AD9-C6BF}</UniqueIdentifier>
		</Filter>
		<Filter Include="addons\ofxMediaType\src">
			<UniqueIdentifier>{A0ACA6D6-DE20-87D1-E366-A937}</UniqueIdentifier>
		</Filter>
		<Filter Include="addons\ofxMediaType\libs">
			<UniqueIdentifier>{102FA820-0F2A-9C75-5DED-5731}</UniqueIdentifier>
		</Filter>
		<Filter Include="addons\ofxMediaType\libs\ofxMediaType">
			<UniqueIdentifier>{55138F53-C83F-9775-5CF9-7B1C}</UniqueIdentifier>
		</Filter>
		<Filter Include="addons\ofxMediaType\libs\ofxMediaType\include">
			<UniqueIdentifier>{EEEF8939-2FFE-6857-D824-9D0A}</UniqueIdentifier>
		</Filter>
		<Filter Include="addons\ofxMediaType\libs\ofxMediaType\include\ofx">
			<UniqueIdentifier>{BF4BD2F3-4016-AF94-AC1A-31C0}</UniqueIdentifier>
		</Filter>
		<Filter Include="addons\ofxMediaType\libs\ofxMediaType\src">
			<UniqueIdentifier>{EFB72F56-9EB2-A5A0-701C-EB5B}</UniqueIdentifier>
		</Filter>
		<Filter Include="addons\ofxNetworkUtils">
			<UniqueIdentifier>{70602827-0B05-E0AB-D576-41B5}</UniqueIdentifier>
		</Filter>
		<Filter Include="addons\ofxNetworkUtils\src">
			<UniqueIdentifier>{2CEAFECC-CC03-CFEC-AD86-E0B8}</UniqueIdentifier>
		</Filter>
		<Filter Include="addons\ofxNetworkUtils\libs">
			<UniqueIdentifier>{70900355-8B0B-5038-EE2C-607E}</UniqueIdentifier>
		</Filter>
		<Filter Include="addons\ofxNetworkUtils\libs\ofxNetworkUtils">
			<UniqueIdentifier>{9B0998B0-859D-7FAF-E7E3-357F}</UniqueIdentifier>
		</Filter>
		<Filter Include="addons\ofxNetworkUtils\libs\ofxNetworkUtils\include">
			<UniqueIdentifier>{0D08502A-641D-DA92-1520-1AF4}</UniqueIdentifier>
		</Filter>
		<Filter Include="addons\ofxNetworkUtils\libs\ofxNetworkUtils\include\ofx">
			<UniqueIdentifier>{FB36A9AF-C5D5-2D1A-6465-8E8C}</UniqueIdentifier>
		</Filter>
		<Filter Include="addons\ofxNetworkUtils\libs\ofxNetworkUtils\include\ofx\Net">
			<UniqueIdentifier>{F6603996-7AC9-0971-4D3A-9F4B}</UniqueIdentifier>
		</Filter>
		<Filter Include="addons\ofxNetworkUtils\libs\ofxNetworkUtils\src">
			<UniqueIdentifier>{C86DFC67-EF96-D121-C612-E620}</UniqueIdentifier>
		</Filter>
		<Filter Include="addons\ofxSQLiteCpp">
			<UniqueIdentifier>{1651664B-59C3-28E9-791F-1FE0}</UniqueIdentifier>
		</Filter>
		<Filter Include="addons\ofxSQLiteCpp\src">
			<UniqueIdentifier>{56C5BF85-800D-B4DE-BCBA-C964}</UniqueIdentifier>
		</Filter>
		<Filter Include="addons\ofxSQLiteCpp\libs">
			<UniqueIdentifier>{7C19DB12-FCDD-6A76-1B43-4FC5}</UniqueIdentifier>
		</Filter>
		<Filter Include="addons\ofxSQLiteCpp\libs\SQLiteCpp">
			<UniqueIdentifier>{F1177D5E-11F6-A187-5B8C-56C8}</UniqueIdentifier>
		</Filter>
		<Filter Include="addons\ofxSQLiteCpp\libs\SQLiteCpp\include">
			<UniqueIdentifier>{147DC377-D5F9-227E-1F2E-7B59}</UniqueIdentifier>
		</Filter>
		<Filter Include="addons\ofxSQLiteCpp\libs\SQLiteCpp\include\SQLiteCpp">
			<UniqueIdentifier>{CDE133FE-A349-00F9-1B25-0CE1}</UniqueIdentifier>
		</Filter>
		<Filter Include="addons\ofxSQLiteCpp\libs\SQLiteCpp\sqlite3">
			<UniqueIdentifier>{17AE3E64-AD63-9C0F-9E98-7217}</UniqueIdentifier>
		</Filter>
		<Filter Include="addons\ofxSQLiteCpp\libs\SQLiteCpp\src">
			<UniqueIdentifier>{C840FE7E-3FB1-0C8B-DB88-BB87}</UniqueIdentifier>
		</Filter>
		<Filter Include="addons\ofxSSLManager">
			<UniqueIdentifier>{6BB2751F-353D-4217-67D5-26CE}</UniqueIdentifier>
		</Filter>
		<Filter Include="addons\ofxSSLManager\src">
			<UniqueIdentifier>{4024F8A5-1F4B-AFDB-E4BD-7E0C}</UniqueIdentifier>
		</Filter>
		<Filter Include="addons\ofxTaskQueue">
			<UniqueIdentifier>{6614E102-F8B2-AC19-BD66-A9A4}</UniqueIdentifier>
		</Filter>
		<Filter Include="addons\ofxTaskQueue\src">
			<UniqueIdentifier>{7DC8C51E-473F-3B0F-99C2-05A4}</UniqueIdentifier>
		</Filter>
		<Filter Include="addons\ofxTaskQueue\libs">
			<UniqueIdentifier>{DE6D31DE-8CE2-6149-E855-2070}</UniqueIdentifier>
		</Filter>
		<Filter Include="addons\ofxTaskQueue\libs\ofxTaskQueue">
			<UniqueIdentifier>{B925D390-3338-12A9-71F3-D57E}</UniqueIdentifier>
		</Filter>
		<Filter Include="addons\ofxTaskQueue\libs\ofxTaskQueue\include">
			<UniqueIdentifier>{DD53301C-C690-EE86-36BA-8B6B}</UniqueIdentifier>
		</Filter>
		<Filter Include="addons\ofxTaskQueue\libs\ofxTaskQueue\include\ofx">
			<UniqueIdentifier>{20D94DB8-1C1B-F48E-6761-D26A}</UniqueIdentifier>
		</Filter>
	</ItemGroup>
	<ItemGroup>
		<ClInclude Include="src\ofApp.h">
			<Filter>src</Filter>
		</ClInclude>
		<ClInclude Include="src\DbQuestions.h">
			<Filter>src</Filter>
		</ClInclude>
		<ClInclude Include="src\myFrontEndApp.h">
			<Filter>src</Filter>
		</ClInclude>
		<ClInclude Include="src\ofApp.h">
			<Filter>src</Filter>
		</ClInclude>
		<ClInclude Include="src\QuestionRestFul.h">
			<Filter>src</Filter>
		</ClInclude>
		<ClInclude Include="src\webServicesManager.h">
			<Filter>src</Filter>
		</ClInclude>
		<ClInclude Include="..\..\..\addons\ofxEasing\src\easing_terms_of_use.html">
			<Filter>addons\ofxEasing\src</Filter>
		</ClInclude>
		<ClInclude Include="..\..\..\addons\ofxEasing\src\ofxEasing.h">
			<Filter>addons\ofxEasing\src</Filter>
		</ClInclude>
		<ClInclude Include="..\..\..\addons\ofxHTTP\src\ofxHTTP.h">
			<Filter>addons\ofxHTTP\src</Filter>
		</ClInclude>
		<ClInclude Include="..\..\..\addons\ofxHTTP\libs\ofxHTTP\include\ofx\HTTP\AbstractClientTypes.h">
			<Filter>addons\ofxHTTP\libs\ofxHTTP\include\ofx\HTTP</Filter>
		</ClInclude>
		<ClInclude Include="..\..\..\addons\ofxHTTP\libs\ofxHTTP\include\ofx\HTTP\AbstractServerTypes.h">
			<Filter>addons\ofxHTTP\libs\ofxHTTP\include\ofx\HTTP</Filter>
		</ClInclude>
		<ClInclude Include="..\..\..\addons\ofxHTTP\libs\ofxHTTP\include\ofx\HTTP\Authentication.h">
			<Filter>addons\ofxHTTP\libs\ofxHTTP\include\ofx\HTTP</Filter>
		</ClInclude>
		<ClInclude Include="..\..\..\addons\ofxHTTP\libs\ofxHTTP\include\ofx\HTTP\AuthScope.h">
			<Filter>addons\ofxHTTP\libs\ofxHTTP\include\ofx\HTTP</Filter>
		</ClInclude>
		<ClInclude Include="..\..\..\addons\ofxHTTP\libs\ofxHTTP\include\ofx\HTTP\BaseClient.h">
			<Filter>addons\ofxHTTP\libs\ofxHTTP\include\ofx\HTTP</Filter>
		</ClInclude>
		<ClInclude Include="..\..\..\addons\ofxHTTP\libs\ofxHTTP\include\ofx\HTTP\BaseRequest.h">
			<Filter>addons\ofxHTTP\libs\ofxHTTP\include\ofx\HTTP</Filter>
		</ClInclude>
		<ClInclude Include="..\..\..\addons\ofxHTTP\libs\ofxHTTP\include\ofx\HTTP\BaseResponse.h">
			<Filter>addons\ofxHTTP\libs\ofxHTTP\include\ofx\HTTP</Filter>
		</ClInclude>
		<ClInclude Include="..\..\..\addons\ofxHTTP\libs\ofxHTTP\include\ofx\HTTP\BaseRoute.h">
			<Filter>addons\ofxHTTP\libs\ofxHTTP\include\ofx\HTTP</Filter>
		</ClInclude>
		<ClInclude Include="..\..\..\addons\ofxHTTP\libs\ofxHTTP\include\ofx\HTTP\BaseServer.h">
			<Filter>addons\ofxHTTP\libs\ofxHTTP\include\ofx\HTTP</Filter>
		</ClInclude>
		<ClInclude Include="..\..\..\addons\ofxHTTP\libs\ofxHTTP\include\ofx\HTTP\ClientEvents.h">
			<Filter>addons\ofxHTTP\libs\ofxHTTP\include\ofx\HTTP</Filter>
		</ClInclude>
		<ClInclude Include="..\..\..\addons\ofxHTTP\libs\ofxHTTP\include\ofx\HTTP\ClientProgressStream.h">
			<Filter>addons\ofxHTTP\libs\ofxHTTP\include\ofx\HTTP</Filter>
		</ClInclude>
		<ClInclude Include="..\..\..\addons\ofxHTTP\libs\ofxHTTP\include\ofx\HTTP\ClientSessionSettings.h">
			<Filter>addons\ofxHTTP\libs\ofxHTTP\include\ofx\HTTP</Filter>
		</ClInclude>
		<ClInclude Include="..\..\..\addons\ofxHTTP\libs\ofxHTTP\include\ofx\HTTP\Context.h">
			<Filter>addons\ofxHTTP\libs\ofxHTTP\include\ofx\HTTP</Filter>
		</ClInclude>
		<ClInclude Include="..\..\..\addons\ofxHTTP\libs\ofxHTTP\include\ofx\HTTP\Cookie.h">
			<Filter>addons\ofxHTTP\libs\ofxHTTP\include\ofx\HTTP</Filter>
		</ClInclude>
		<ClInclude Include="..\..\..\addons\ofxHTTP\libs\ofxHTTP\include\ofx\HTTP\CookieStore.h">
			<Filter>addons\ofxHTTP\libs\ofxHTTP\include\ofx\HTTP</Filter>
		</ClInclude>
		<ClInclude Include="..\..\..\addons\ofxHTTP\libs\ofxHTTP\include\ofx\HTTP\CookieUtils.h">
			<Filter>addons\ofxHTTP\libs\ofxHTTP\include\ofx\HTTP</Filter>
		</ClInclude>
		<ClInclude Include="..\..\..\addons\ofxHTTP\libs\ofxHTTP\include\ofx\HTTP\Credentials.h">
			<Filter>addons\ofxHTTP\libs\ofxHTTP\include\ofx\HTTP</Filter>
		</ClInclude>
		<ClInclude Include="..\..\..\addons\ofxHTTP\libs\ofxHTTP\include\ofx\HTTP\CredentialStore.h">
			<Filter>addons\ofxHTTP\libs\ofxHTTP\include\ofx\HTTP</Filter>
		</ClInclude>
		<ClInclude Include="..\..\..\addons\ofxHTTP\libs\ofxHTTP\include\ofx\HTTP\DefaultClient.h">
			<Filter>addons\ofxHTTP\libs\ofxHTTP\include\ofx\HTTP</Filter>
		</ClInclude>
		<ClInclude Include="..\..\..\addons\ofxHTTP\libs\ofxHTTP\include\ofx\HTTP\DefaultClientHeaders.h">
			<Filter>addons\ofxHTTP\libs\ofxHTTP\include\ofx\HTTP</Filter>
		</ClInclude>
		<ClInclude Include="..\..\..\addons\ofxHTTP\libs\ofxHTTP\include\ofx\HTTP\DefaultClientSessionProvider.h">
			<Filter>addons\ofxHTTP\libs\ofxHTTP\include\ofx\HTTP</Filter>
		</ClInclude>
		<ClInclude Include="..\..\..\addons\ofxHTTP\libs\ofxHTTP\include\ofx\HTTP\DefaultClientTask.h">
			<Filter>addons\ofxHTTP\libs\ofxHTTP\include\ofx\HTTP</Filter>
		</ClInclude>
		<ClInclude Include="..\..\..\addons\ofxHTTP\libs\ofxHTTP\include\ofx\HTTP\DefaultClientTaskQueue.h">
			<Filter>addons\ofxHTTP\libs\ofxHTTP\include\ofx\HTTP</Filter>
		</ClInclude>
		<ClInclude Include="..\..\..\addons\ofxHTTP\libs\ofxHTTP\include\ofx\HTTP\DefaultCookieProcessor.h">
			<Filter>addons\ofxHTTP\libs\ofxHTTP\include\ofx\HTTP</Filter>
		</ClInclude>
		<ClInclude Include="..\..\..\addons\ofxHTTP\libs\ofxHTTP\include\ofx\HTTP\DefaultProxyProcessor.h">
			<Filter>addons\ofxHTTP\libs\ofxHTTP\include\ofx\HTTP</Filter>
		</ClInclude>
		<ClInclude Include="..\..\..\addons\ofxHTTP\libs\ofxHTTP\include\ofx\HTTP\DefaultRedirectProcessor.h">
			<Filter>addons\ofxHTTP\libs\ofxHTTP\include\ofx\HTTP</Filter>
		</ClInclude>
		<ClInclude Include="..\..\..\addons\ofxHTTP\libs\ofxHTTP\include\ofx\HTTP\DefaultResponseStreamFilter.h">
			<Filter>addons\ofxHTTP\libs\ofxHTTP\include\ofx\HTTP</Filter>
		</ClInclude>
		<ClInclude Include="..\..\..\addons\ofxHTTP\libs\ofxHTTP\include\ofx\HTTP\FileSystemRoute.h">
			<Filter>addons\ofxHTTP\libs\ofxHTTP\include\ofx\HTTP</Filter>
		</ClInclude>
		<ClInclude Include="..\..\..\addons\ofxHTTP\libs\ofxHTTP\include\ofx\HTTP\GetRequest.h">
			<Filter>addons\ofxHTTP\libs\ofxHTTP\include\ofx\HTTP</Filter>
		</ClInclude>
		<ClInclude Include="..\..\..\addons\ofxHTTP\libs\ofxHTTP\include\ofx\HTTP\HTTP.h">
			<Filter>addons\ofxHTTP\libs\ofxHTTP\include\ofx\HTTP</Filter>
		</ClInclude>
		<ClInclude Include="..\..\..\addons\ofxHTTP\libs\ofxHTTP\include\ofx\HTTP\HTTPUtils.h">
			<Filter>addons\ofxHTTP\libs\ofxHTTP\include\ofx\HTTP</Filter>
		</ClInclude>
		<ClInclude Include="..\..\..\addons\ofxHTTP\libs\ofxHTTP\include\ofx\HTTP\IPVideoFrame.h">
			<Filter>addons\ofxHTTP\libs\ofxHTTP\include\ofx\HTTP</Filter>
		</ClInclude>
		<ClInclude Include="..\..\..\addons\ofxHTTP\libs\ofxHTTP\include\ofx\HTTP\IPVideoRoute.h">
			<Filter>addons\ofxHTTP\libs\ofxHTTP\include\ofx\HTTP</Filter>
		</ClInclude>
		<ClInclude Include="..\..\..\addons\ofxHTTP\libs\ofxHTTP\include\ofx\HTTP\OAuth10Credentials.h">
			<Filter>addons\ofxHTTP\libs\ofxHTTP\include\ofx\HTTP</Filter>
		</ClInclude>
		<ClInclude Include="..\..\..\addons\ofxHTTP\libs\ofxHTTP\include\ofx\HTTP\OAuth10RequestFilter.h">
			<Filter>addons\ofxHTTP\libs\ofxHTTP\include\ofx\HTTP</Filter>
		</ClInclude>
		<ClInclude Include="..\..\..\addons\ofxHTTP\libs\ofxHTTP\include\ofx\HTTP\OAuth20Credentials.h">
			<Filter>addons\ofxHTTP\libs\ofxHTTP\include\ofx\HTTP</Filter>
		</ClInclude>
		<ClInclude Include="..\..\..\addons\ofxHTTP\libs\ofxHTTP\include\ofx\HTTP\PostRequest.h">
			<Filter>addons\ofxHTTP\libs\ofxHTTP\include\ofx\HTTP</Filter>
		</ClInclude>
		<ClInclude Include="..\..\..\addons\ofxHTTP\libs\ofxHTTP\include\ofx\HTTP\PostRoute.h">
			<Filter>addons\ofxHTTP\libs\ofxHTTP\include\ofx\HTTP</Filter>
		</ClInclude>
		<ClInclude Include="..\..\..\addons\ofxHTTP\libs\ofxHTTP\include\ofx\HTTP\PostRouteEvents.h">
			<Filter>addons\ofxHTTP\libs\ofxHTTP\include\ofx\HTTP</Filter>
		</ClInclude>
		<ClInclude Include="..\..\..\addons\ofxHTTP\libs\ofxHTTP\include\ofx\HTTP\ProgressMonitor.h">
			<Filter>addons\ofxHTTP\libs\ofxHTTP\include\ofx\HTTP</Filter>
		</ClInclude>
		<ClInclude Include="..\..\..\addons\ofxHTTP\libs\ofxHTTP\include\ofx\HTTP\ProxySettings.h">
			<Filter>addons\ofxHTTP\libs\ofxHTTP\include\ofx\HTTP</Filter>
		</ClInclude>
		<ClInclude Include="..\..\..\addons\ofxHTTP\libs\ofxHTTP\include\ofx\HTTP\PutRequest.h">
			<Filter>addons\ofxHTTP\libs\ofxHTTP\include\ofx\HTTP</Filter>
		</ClInclude>
		<ClInclude Include="..\..\..\addons\ofxHTTP\libs\ofxHTTP\include\ofx\HTTP\RequestHandlerAdapter.h">
			<Filter>addons\ofxHTTP\libs\ofxHTTP\include\ofx\HTTP</Filter>
		</ClInclude>
		<ClInclude Include="..\..\..\addons\ofxHTTP\libs\ofxHTTP\include\ofx\HTTP\ServerEvents.h">
			<Filter>addons\ofxHTTP\libs\ofxHTTP\include\ofx\HTTP</Filter>
		</ClInclude>
		<ClInclude Include="..\..\..\addons\ofxHTTP\libs\ofxHTTP\include\ofx\HTTP\Session.h">
			<Filter>addons\ofxHTTP\libs\ofxHTTP\include\ofx\HTTP</Filter>
		</ClInclude>
		<ClInclude Include="..\..\..\addons\ofxHTTP\libs\ofxHTTP\include\ofx\HTTP\SessionStore.h">
			<Filter>addons\ofxHTTP\libs\ofxHTTP\include\ofx\HTTP</Filter>
		</ClInclude>
		<ClInclude Include="..\..\..\addons\ofxHTTP\libs\ofxHTTP\include\ofx\HTTP\SimpleFileServer.h">
			<Filter>addons\ofxHTTP\libs\ofxHTTP\include\ofx\HTTP</Filter>
		</ClInclude>
		<ClInclude Include="..\..\..\addons\ofxHTTP\libs\ofxHTTP\include\ofx\HTTP\SimpleIPVideoServer.h">
			<Filter>addons\ofxHTTP\libs\ofxHTTP\include\ofx\HTTP</Filter>
		</ClInclude>
		<ClInclude Include="..\..\..\addons\ofxHTTP\libs\ofxHTTP\include\ofx\HTTP\SimplePostServer.h">
			<Filter>addons\ofxHTTP\libs\ofxHTTP\include\ofx\HTTP</Filter>
		</ClInclude>
		<ClInclude Include="..\..\..\addons\ofxHTTP\libs\ofxHTTP\include\ofx\HTTP\SimpleWebSocketServer.h">
			<Filter>addons\ofxHTTP\libs\ofxHTTP\include\ofx\HTTP</Filter>
		</ClInclude>
		<ClInclude Include="..\..\..\addons\ofxHTTP\libs\ofxHTTP\include\ofx\HTTP\ThreadErrorHandler.h">
			<Filter>addons\ofxHTTP\libs\ofxHTTP\include\ofx\HTTP</Filter>
		</ClInclude>
		<ClInclude Include="..\..\..\addons\ofxHTTP\libs\ofxHTTP\include\ofx\HTTP\ThreadSettings.h">
			<Filter>addons\ofxHTTP\libs\ofxHTTP\include\ofx\HTTP</Filter>
		</ClInclude>
		<ClInclude Include="..\..\..\addons\ofxHTTP\libs\ofxHTTP\include\ofx\HTTP\URIBuilder.h">
			<Filter>addons\ofxHTTP\libs\ofxHTTP\include\ofx\HTTP</Filter>
		</ClInclude>
		<ClInclude Include="..\..\..\addons\ofxHTTP\libs\ofxHTTP\include\ofx\HTTP\WebSocketConnection.h">
			<Filter>addons\ofxHTTP\libs\ofxHTTP\include\ofx\HTTP</Filter>
		</ClInclude>
		<ClInclude Include="..\..\..\addons\ofxHTTP\libs\ofxHTTP\include\ofx\HTTP\WebSocketEvents.h">
			<Filter>addons\ofxHTTP\libs\ofxHTTP\include\ofx\HTTP</Filter>
		</ClInclude>
		<ClInclude Include="..\..\..\addons\ofxHTTP\libs\ofxHTTP\include\ofx\HTTP\WebSocketExtensions.h">
			<Filter>addons\ofxHTTP\libs\ofxHTTP\include\ofx\HTTP</Filter>
		</ClInclude>
		<ClInclude Include="..\..\..\addons\ofxHTTP\libs\ofxHTTP\include\ofx\HTTP\WebSocketFrame.h">
			<Filter>addons\ofxHTTP\libs\ofxHTTP\include\ofx\HTTP</Filter>
		</ClInclude>
		<ClInclude Include="..\..\..\addons\ofxHTTP\libs\ofxHTTP\include\ofx\HTTP\WebSocketRoute.h">
			<Filter>addons\ofxHTTP\libs\ofxHTTP\include\ofx\HTTP</Filter>
		</ClInclude>
		<ClInclude Include="..\..\..\addons\ofxIO\src\ofxIO.h">
			<Filter>addons\ofxIO\src</Filter>
		</ClInclude>
		<ClInclude Include="..\..\..\addons\ofxIO\libs\alphanum\include\alphanum.hpp">
			<Filter>addons\ofxIO\libs\alphanum\include</Filter>
		</ClInclude>
		<ClInclude Include="..\..\..\addons\ofxIO\libs\cpp-lru-cache\include\lrucache.hpp">
			<Filter>addons\ofxIO\libs\cpp-lru-cache\include</Filter>
		</ClInclude>
		<ClInclude Include="..\..\..\addons\ofxIO\libs\json\include\json.hpp">
			<Filter>addons\ofxIO\libs\json\include</Filter>
		</ClInclude>
		<ClInclude Include="..\..\..\addons\ofxIO\libs\lz4\src\lz4.h">
			<Filter>addons\ofxIO\libs\lz4\src</Filter>
		</ClInclude>
		<ClInclude Include="..\..\..\addons\ofxIO\libs\ofxIO\include\ofx\DirectoryWatcher.h">
			<Filter>addons\ofxIO\libs\ofxIO\include\ofx</Filter>
		</ClInclude>
		<ClInclude Include="..\..\..\addons\ofxIO\libs\ofxIO\include\ofx\IO\AbstractTypes.h">
			<Filter>addons\ofxIO\libs\ofxIO\include\ofx\IO</Filter>
		</ClInclude>
		<ClInclude Include="..\..\..\addons\ofxIO\libs\ofxIO\include\ofx\IO\Base64Encoding.h">
			<Filter>addons\ofxIO\libs\ofxIO\include\ofx\IO</Filter>
		</ClInclude>
		<ClInclude Include="..\..\..\addons\ofxIO\libs\ofxIO\include\ofx\IO\ByteBuffer.h">
			<Filter>addons\ofxIO\libs\ofxIO\include\ofx\IO</Filter>
		</ClInclude>
		<ClInclude Include="..\..\..\addons\ofxIO\libs\ofxIO\include\ofx\IO\ByteBufferReader.h">
			<Filter>addons\ofxIO\libs\ofxIO\include\ofx\IO</Filter>
		</ClInclude>
		<ClInclude Include="..\..\..\addons\ofxIO\libs\ofxIO\include\ofx\IO\ByteBufferStream.h">
			<Filter>addons\ofxIO\libs\ofxIO\include\ofx\IO</Filter>
		</ClInclude>
		<ClInclude Include="..\..\..\addons\ofxIO\libs\ofxIO\include\ofx\IO\ByteBufferUtils.h">
			<Filter>addons\ofxIO\libs\ofxIO\include\ofx\IO</Filter>
		</ClInclude>
		<ClInclude Include="..\..\..\addons\ofxIO\libs\ofxIO\include\ofx\IO\ByteBufferWriter.h">
			<Filter>addons\ofxIO\libs\ofxIO\include\ofx\IO</Filter>
		</ClInclude>
		<ClInclude Include="..\..\..\addons\ofxIO\libs\ofxIO\include\ofx\IO\COBSEncoding.h">
			<Filter>addons\ofxIO\libs\ofxIO\include\ofx\IO</Filter>
		</ClInclude>
		<ClInclude Include="..\..\..\addons\ofxIO\libs\ofxIO\include\ofx\IO\Compression.h">
			<Filter>addons\ofxIO\libs\ofxIO\include\ofx\IO</Filter>
		</ClInclude>
		<ClInclude Include="..\..\..\addons\ofxIO\libs\ofxIO\include\ofx\IO\DeviceFilter.h">
			<Filter>addons\ofxIO\libs\ofxIO\include\ofx\IO</Filter>
		</ClInclude>
		<ClInclude Include="..\..\..\addons\ofxIO\libs\ofxIO\include\ofx\IO\DirectoryFilter.h">
			<Filter>addons\ofxIO\libs\ofxIO\include\ofx\IO</Filter>
		</ClInclude>
		<ClInclude Include="..\..\..\addons\ofxIO\libs\ofxIO\include\ofx\IO\DirectoryUtils.h">
			<Filter>addons\ofxIO\libs\ofxIO\include\ofx\IO</Filter>
		</ClInclude>
		<ClInclude Include="..\..\..\addons\ofxIO\libs\ofxIO\include\ofx\IO\DirectoryWatcherManager.h">
			<Filter>addons\ofxIO\libs\ofxIO\include\ofx\IO</Filter>
		</ClInclude>
		<ClInclude Include="..\..\..\addons\ofxIO\libs\ofxIO\include\ofx\IO\FileExtensionFilter.h">
			<Filter>addons\ofxIO\libs\ofxIO\include\ofx\IO</Filter>
		</ClInclude>
		<ClInclude Include="..\..\..\addons\ofxIO\libs\ofxIO\include\ofx\IO\HexBinaryEncoding.h">
			<Filter>addons\ofxIO\libs\ofxIO\include\ofx\IO</Filter>
		</ClInclude>
		<ClInclude Include="..\..\..\addons\ofxIO\libs\ofxIO\include\ofx\IO\HiddenFileFilter.h">
			<Filter>addons\ofxIO\libs\ofxIO\include\ofx\IO</Filter>
		</ClInclude>
		<ClInclude Include="..\..\..\addons\ofxIO\libs\ofxIO\include\ofx\IO\LinkFilter.h">
			<Filter>addons\ofxIO\libs\ofxIO\include\ofx\IO</Filter>
		</ClInclude>
		<ClInclude Include="..\..\..\addons\ofxIO\libs\ofxIO\include\ofx\IO\PathFilterCollection.h">
			<Filter>addons\ofxIO\libs\ofxIO\include\ofx\IO</Filter>
		</ClInclude>
		<ClInclude Include="..\..\..\addons\ofxIO\libs\ofxIO\include\ofx\IO\RegexPathFilter.h">
			<Filter>addons\ofxIO\libs\ofxIO\include\ofx\IO</Filter>
		</ClInclude>
		<ClInclude Include="..\..\..\addons\ofxIO\libs\ofxIO\include\ofx\IO\SearchPath.h">
			<Filter>addons\ofxIO\libs\ofxIO\include\ofx\IO</Filter>
		</ClInclude>
		<ClInclude Include="..\..\..\addons\ofxIO\libs\ofxIO\include\ofx\IO\SLIPEncoding.h">
			<Filter>addons\ofxIO\libs\ofxIO\include\ofx\IO</Filter>
		</ClInclude>
		<ClInclude Include="..\..\..\addons\ofxIO\libs\ofxIO\include\ofx\IO\URIEncoding.h">
			<Filter>addons\ofxIO\libs\ofxIO\include\ofx\IO</Filter>
		</ClInclude>
		<ClInclude Include="..\..\..\addons\ofxIO\libs\ofxIO\include\ofx\RecursiveDirectoryIterator.h">
			<Filter>addons\ofxIO\libs\ofxIO\include\ofx</Filter>
		</ClInclude>
		<ClInclude Include="..\..\..\addons\ofxIO\libs\ofxIO\include\ofx\RecursiveDirectoryIteratorImpl.h">
			<Filter>addons\ofxIO\libs\ofxIO\include\ofx</Filter>
		</ClInclude>
		<ClInclude Include="..\..\..\addons\ofxIO\libs\ofxIO\include\ofx\RecursiveDirectoryIteratorStategies.h">
			<Filter>addons\ofxIO\libs\ofxIO\include\ofx</Filter>
		</ClInclude>
		<ClInclude Include="..\..\..\addons\ofxIO\libs\snappy\src\snappy-internal.h">
			<Filter>addons\ofxIO\libs\snappy\src</Filter>
		</ClInclude>
		<ClInclude Include="..\..\..\addons\ofxIO\libs\snappy\src\snappy-sinksource.h">
			<Filter>addons\ofxIO\libs\snappy\src</Filter>
		</ClInclude>
		<ClInclude Include="..\..\..\addons\ofxIO\libs\snappy\src\snappy-stubs-internal.h">
			<Filter>addons\ofxIO\libs\snappy\src</Filter>
		</ClInclude>
		<ClInclude Include="..\..\..\addons\ofxIO\libs\snappy\src\snappy-stubs-public.h">
			<Filter>addons\ofxIO\libs\snappy\src</Filter>
		</ClInclude>
		<ClInclude Include="..\..\..\addons\ofxIO\libs\snappy\src\snappy.h">
			<Filter>addons\ofxIO\libs\snappy\src</Filter>
		</ClInclude>
		<ClInclude Include="..\..\..\addons\ofxJSON\src\ofxJSON.h">
			<Filter>addons\ofxJSON\src</Filter>
		</ClInclude>
		<ClInclude Include="..\..\..\addons\ofxJSON\src\ofxJSONElement.h">
			<Filter>addons\ofxJSON\src</Filter>
		</ClInclude>
		<ClInclude Include="..\..\..\addons\ofxJSON\libs\jsoncpp\include\json\json-forwards.h">
			<Filter>addons\ofxJSON\libs\jsoncpp\include\json</Filter>
		</ClInclude>
		<ClInclude Include="..\..\..\addons\ofxJSON\libs\jsoncpp\include\json\json.h">
			<Filter>addons\ofxJSON\libs\jsoncpp\include\json</Filter>
		</ClInclude>
		<ClInclude Include="..\..\..\addons\ofxJSONRPC\src\ofxJSONRPC.h">
			<Filter>addons\ofxJSONRPC\src</Filter>
		</ClInclude>
		<ClInclude Include="..\..\..\addons\ofxJSONRPC\libs\ofxHTTP\include\ofx\HTTP\JSONRPCServer.h">
			<Filter>addons\ofxJSONRPC\libs\ofxHTTP\include\ofx\HTTP</Filter>
		</ClInclude>
		<ClInclude Include="..\..\..\addons\ofxJSONRPC\libs\ofxJSONRPC\include\ofx\JSONRPC\BaseMessage.h">
			<Filter>addons\ofxJSONRPC\libs\ofxJSONRPC\include\ofx\JSONRPC</Filter>
		</ClInclude>
		<ClInclude Include="..\..\..\addons\ofxJSONRPC\libs\ofxJSONRPC\include\ofx\JSONRPC\Error.h">
			<Filter>addons\ofxJSONRPC\libs\ofxJSONRPC\include\ofx\JSONRPC</Filter>
		</ClInclude>
		<ClInclude Include="..\..\..\addons\ofxJSONRPC\libs\ofxJSONRPC\include\ofx\JSONRPC\Errors.h">
			<Filter>addons\ofxJSONRPC\libs\ofxJSONRPC\include\ofx\JSONRPC</Filter>
		</ClInclude>
		<ClInclude Include="..\..\..\addons\ofxJSONRPC\libs\ofxJSONRPC\include\ofx\JSONRPC\JSONRPC.h">
			<Filter>addons\ofxJSONRPC\libs\ofxJSONRPC\include\ofx\JSONRPC</Filter>
		</ClInclude>
		<ClInclude Include="..\..\..\addons\ofxJSONRPC\libs\ofxJSONRPC\include\ofx\JSONRPC\JSONRPCUtils.h">
			<Filter>addons\ofxJSONRPC\libs\ofxJSONRPC\include\ofx\JSONRPC</Filter>
		</ClInclude>
		<ClInclude Include="..\..\..\addons\ofxJSONRPC\libs\ofxJSONRPC\include\ofx\JSONRPC\Method.h">
			<Filter>addons\ofxJSONRPC\libs\ofxJSONRPC\include\ofx\JSONRPC</Filter>
		</ClInclude>
		<ClInclude Include="..\..\..\addons\ofxJSONRPC\libs\ofxJSONRPC\include\ofx\JSONRPC\MethodArgs.h">
			<Filter>addons\ofxJSONRPC\libs\ofxJSONRPC\include\ofx\JSONRPC</Filter>
		</ClInclude>
		<ClInclude Include="..\..\..\addons\ofxJSONRPC\libs\ofxJSONRPC\include\ofx\JSONRPC\MethodRegistry.h">
			<Filter>addons\ofxJSONRPC\libs\ofxJSONRPC\include\ofx\JSONRPC</Filter>
		</ClInclude>
		<ClInclude Include="..\..\..\addons\ofxJSONRPC\libs\ofxJSONRPC\include\ofx\JSONRPC\Request.h">
			<Filter>addons\ofxJSONRPC\libs\ofxJSONRPC\include\ofx\JSONRPC</Filter>
		</ClInclude>
		<ClInclude Include="..\..\..\addons\ofxJSONRPC\libs\ofxJSONRPC\include\ofx\JSONRPC\Response.h">
			<Filter>addons\ofxJSONRPC\libs\ofxJSONRPC\include\ofx\JSONRPC</Filter>
		</ClInclude>
		<ClInclude Include="..\..\..\addons\ofxMediaType\src\ofxMediaType.h">
			<Filter>addons\ofxMediaType\src</Filter>
		</ClInclude>
		<ClInclude Include="..\..\..\addons\ofxMediaType\libs\ofxMediaType\include\ofx\AbstractMediaTypeProvider.h">
			<Filter>addons\ofxMediaType\libs\ofxMediaType\include\ofx</Filter>
		</ClInclude>
		<ClInclude Include="..\..\..\addons\ofxMediaType\libs\ofxMediaType\include\ofx\MediaTypeMap.h">
			<Filter>addons\ofxMediaType\libs\ofxMediaType\include\ofx</Filter>
		</ClInclude>
		<ClInclude Include="..\..\..\addons\ofxNetworkUtils\src\ofxNetworkUtils.h">
			<Filter>addons\ofxNetworkUtils\src</Filter>
		</ClInclude>
		<ClInclude Include="..\..\..\addons\ofxNetworkUtils\libs\ofxNetworkUtils\include\ofx\Net\IPAddressRange.h">
			<Filter>addons\ofxNetworkUtils\libs\ofxNetworkUtils\include\ofx\Net</Filter>
		</ClInclude>
		<ClInclude Include="..\..\..\addons\ofxNetworkUtils\libs\ofxNetworkUtils\include\ofx\Net\NetworkInterfaceListener.h">
			<Filter>addons\ofxNetworkUtils\libs\ofxNetworkUtils\include\ofx\Net</Filter>
		</ClInclude>
		<ClInclude Include="..\..\..\addons\ofxNetworkUtils\libs\ofxNetworkUtils\include\ofx\Net\NetworkUtils.h">
			<Filter>addons\ofxNetworkUtils\libs\ofxNetworkUtils\include\ofx\Net</Filter>
		</ClInclude>
		<ClInclude Include="..\..\..\addons\ofxSQLiteCpp\src\SQLiteCppUtils.h">
			<Filter>addons\ofxSQLiteCpp\src</Filter>
		</ClInclude>
		<ClInclude Include="..\..\..\addons\ofxSQLiteCpp\libs\SQLiteCpp\include\SQLiteCpp\Assertion.h">
			<Filter>addons\ofxSQLiteCpp\libs\SQLiteCpp\include\SQLiteCpp</Filter>
		</ClInclude>
		<ClInclude Include="..\..\..\addons\ofxSQLiteCpp\libs\SQLiteCpp\include\SQLiteCpp\Backup.h">
			<Filter>addons\ofxSQLiteCpp\libs\SQLiteCpp\include\SQLiteCpp</Filter>
		</ClInclude>
		<ClInclude Include="..\..\..\addons\ofxSQLiteCpp\libs\SQLiteCpp\include\SQLiteCpp\Column.h">
			<Filter>addons\ofxSQLiteCpp\libs\SQLiteCpp\include\SQLiteCpp</Filter>
		</ClInclude>
		<ClInclude Include="..\..\..\addons\ofxSQLiteCpp\libs\SQLiteCpp\include\SQLiteCpp\Database.h">
			<Filter>addons\ofxSQLiteCpp\libs\SQLiteCpp\include\SQLiteCpp</Filter>
		</ClInclude>
		<ClInclude Include="..\..\..\addons\ofxSQLiteCpp\libs\SQLiteCpp\include\SQLiteCpp\Exception.h">
			<Filter>addons\ofxSQLiteCpp\libs\SQLiteCpp\include\SQLiteCpp</Filter>
		</ClInclude>
		<ClInclude Include="..\..\..\addons\ofxSQLiteCpp\libs\SQLiteCpp\include\SQLiteCpp\SQLiteCpp.h">
			<Filter>addons\ofxSQLiteCpp\libs\SQLiteCpp\include\SQLiteCpp</Filter>
		</ClInclude>
		<ClInclude Include="..\..\..\addons\ofxSQLiteCpp\libs\SQLiteCpp\include\SQLiteCpp\Statement.h">
			<Filter>addons\ofxSQLiteCpp\libs\SQLiteCpp\include\SQLiteCpp</Filter>
		</ClInclude>
		<ClInclude Include="..\..\..\addons\ofxSQLiteCpp\libs\SQLiteCpp\include\SQLiteCpp\Transaction.h">
			<Filter>addons\ofxSQLiteCpp\libs\SQLiteCpp\include\SQLiteCpp</Filter>
		</ClInclude>
		<ClInclude Include="..\..\..\addons\ofxSQLiteCpp\libs\SQLiteCpp\sqlite3\sqlite3.h">
			<Filter>addons\ofxSQLiteCpp\libs\SQLiteCpp\sqlite3</Filter>
		</ClInclude>
		<ClInclude Include="..\..\..\addons\ofxSSLManager\src\ofSSLManager.h">
			<Filter>addons\ofxSSLManager\src</Filter>
		</ClInclude>
		<ClInclude Include="..\..\..\addons\ofxTaskQueue\src\ofxTaskQueue.h">
			<Filter>addons\ofxTaskQueue\src</Filter>
		</ClInclude>
		<ClInclude Include="..\..\..\addons\ofxTaskQueue\libs\ofxTaskQueue\include\ofx\TaskQueue.h">
			<Filter>addons\ofxTaskQueue\libs\ofxTaskQueue\include\ofx</Filter>
		</ClInclude>
		<ClInclude Include="..\..\..\addons\ofxTaskQueue\libs\ofxTaskQueue\include\ofx\TaskQueueEvents.h">
			<Filter>addons\ofxTaskQueue\libs\ofxTaskQueue\include\ofx</Filter>
		</ClInclude>
	</ItemGroup>
	<ItemGroup>
		<ResourceCompile Include="icon.rc" />
	</ItemGroup>
</Project>
